// !$*UTF8*$!
{
	archiveVersion = 1;
	classes = {
	};
	objectVersion = 51;
	objects = {

/* Begin PBXBuildFile section */
		02864B5813A49DB3A315EAC0 /* Pods_Weather_WeatherUITests.framework in Frameworks */ = {isa = PBXBuildFile; fileRef = 56774A53479D1F397F476D8A /* Pods_Weather_WeatherUITests.framework */; };
		0400A36316020108372657C4 /* Pods_WeatherTests.framework in Frameworks */ = {isa = PBXBuildFile; fileRef = C80908FE23BC4CBCF7105F38 /* Pods_WeatherTests.framework */; };
		0CC89A30F24C252306C4826B /* Pods_Weather.framework in Frameworks */ = {isa = PBXBuildFile; fileRef = 335BF71906766704C8233F77 /* Pods_Weather.framework */; };
		65043637CA08E747E359DCF9 /* Pods_Util.framework in Frameworks */ = {isa = PBXBuildFile; fileRef = 3755CB9F8DB3F5C3AF3DE49E /* Pods_Util.framework */; };
		7E443F49B9D694292A7DAC02 /* Pods_Util_UtilTests.framework in Frameworks */ = {isa = PBXBuildFile; fileRef = D9A5A74BC3FB346439C8AA3A /* Pods_Util_UtilTests.framework */; };
		B827C5D923BB2249002C7934 /* CurrentlyCityViewModel.swift in Sources */ = {isa = PBXBuildFile; fileRef = B827C5D823BB2249002C7934 /* CurrentlyCityViewModel.swift */; };
		B827C5DB23BB23DA002C7934 /* Double+Additions.swift in Sources */ = {isa = PBXBuildFile; fileRef = B827C5DA23BB23DA002C7934 /* Double+Additions.swift */; };
		B836450323B5F8A500941F0D /* City.swift in Sources */ = {isa = PBXBuildFile; fileRef = B836450223B5F8A500941F0D /* City.swift */; };
		B868D1BF23B5987C00902BBD /* AppDelegate.swift in Sources */ = {isa = PBXBuildFile; fileRef = B868D1BE23B5987C00902BBD /* AppDelegate.swift */; };
		B868D1C323B5987C00902BBD /* TodayViewController.swift in Sources */ = {isa = PBXBuildFile; fileRef = B868D1C223B5987C00902BBD /* TodayViewController.swift */; };
		B868D1C823B5987F00902BBD /* Assets.xcassets in Resources */ = {isa = PBXBuildFile; fileRef = B868D1C723B5987F00902BBD /* Assets.xcassets */; };
		B868D1CB23B5987F00902BBD /* LaunchScreen.storyboard in Resources */ = {isa = PBXBuildFile; fileRef = B868D1C923B5987F00902BBD /* LaunchScreen.storyboard */; };
		B868D1D623B5987F00902BBD /* WeatherTests.swift in Sources */ = {isa = PBXBuildFile; fileRef = B868D1D523B5987F00902BBD /* WeatherTests.swift */; };
		B868D1E123B5987F00902BBD /* WeatherUITests.swift in Sources */ = {isa = PBXBuildFile; fileRef = B868D1E023B5987F00902BBD /* WeatherUITests.swift */; };
		B868D1FC23B59A7900902BBD /* Util.framework in Frameworks */ = {isa = PBXBuildFile; fileRef = B868D1F323B59A7900902BBD /* Util.framework */; };
		B868D20323B59A7900902BBD /* UtilTests.swift in Sources */ = {isa = PBXBuildFile; fileRef = B868D20223B59A7900902BBD /* UtilTests.swift */; };
		B868D20523B59A7900902BBD /* Util.h in Headers */ = {isa = PBXBuildFile; fileRef = B868D1F523B59A7900902BBD /* Util.h */; settings = {ATTRIBUTES = (Public, ); }; };
		B868D20823B59A7900902BBD /* Util.framework in Frameworks */ = {isa = PBXBuildFile; fileRef = B868D1F323B59A7900902BBD /* Util.framework */; };
		B868D20923B59A7900902BBD /* Util.framework in Embed Frameworks */ = {isa = PBXBuildFile; fileRef = B868D1F323B59A7900902BBD /* Util.framework */; settings = {ATTRIBUTES = (CodeSignOnCopy, RemoveHeadersOnCopy, ); }; };
		B868D21C23B5A10200902BBD /* Kit.swift in Sources */ = {isa = PBXBuildFile; fileRef = B868D21223B5A10200902BBD /* Kit.swift */; };
		B868D21D23B5A10200902BBD /* Optional+Additions.swift in Sources */ = {isa = PBXBuildFile; fileRef = B868D21423B5A10200902BBD /* Optional+Additions.swift */; };
		B868D21E23B5A10200902BBD /* String+Additions.swift in Sources */ = {isa = PBXBuildFile; fileRef = B868D21523B5A10200902BBD /* String+Additions.swift */; };
		B868D21F23B5A10200902BBD /* Dictionary+Additions.swift in Sources */ = {isa = PBXBuildFile; fileRef = B868D21623B5A10200902BBD /* Dictionary+Additions.swift */; };
		B868D22023B5A10200902BBD /* Sequence+Additions.swift in Sources */ = {isa = PBXBuildFile; fileRef = B868D21723B5A10200902BBD /* Sequence+Additions.swift */; };
		B868D22123B5A10200902BBD /* Parsable.swift in Sources */ = {isa = PBXBuildFile; fileRef = B868D21923B5A10200902BBD /* Parsable.swift */; };
		B868D22223B5A10200902BBD /* ClientProtocol.swift in Sources */ = {isa = PBXBuildFile; fileRef = B868D21A23B5A10200902BBD /* ClientProtocol.swift */; };
		B868D22323B5A10200902BBD /* RequestProtocol.swift in Sources */ = {isa = PBXBuildFile; fileRef = B868D21B23B5A10200902BBD /* RequestProtocol.swift */; };
		B868D22923B5AF5D00902BBD /* Request.swift in Sources */ = {isa = PBXBuildFile; fileRef = B868D22823B5AF5D00902BBD /* Request.swift */; };
		B868D22B23B5B13400902BBD /* Weather.swift in Sources */ = {isa = PBXBuildFile; fileRef = B868D22A23B5B13400902BBD /* Weather.swift */; };
		B868D22D23B5B66200902BBD /* Client.swift in Sources */ = {isa = PBXBuildFile; fileRef = B868D22C23B5B66200902BBD /* Client.swift */; };
		B884737223BA5388002868E0 /* CurrentlyView.swift in Sources */ = {isa = PBXBuildFile; fileRef = B884737123BA5388002868E0 /* CurrentlyView.swift */; };
		B8CA8BC923B998220035E92A /* Color.swift in Sources */ = {isa = PBXBuildFile; fileRef = B8CA8BC823B998220035E92A /* Color.swift */; };
		B8CA8BCB23B9982D0035E92A /* Font.swift in Sources */ = {isa = PBXBuildFile; fileRef = B8CA8BCA23B9982D0035E92A /* Font.swift */; };
		B8CA8BCD23B9D6340035E92A /* WeatherIcon.plist in Resources */ = {isa = PBXBuildFile; fileRef = B8CA8BCC23B9D6340035E92A /* WeatherIcon.plist */; };
		B8CA8C1023B9ECAA0035E92A /* CLLocationManager+Rx.swift in Sources */ = {isa = PBXBuildFile; fileRef = B8CA8C0E23B9ECAA0035E92A /* CLLocationManager+Rx.swift */; };
		B8CA8C1123B9ECAA0035E92A /* RxCLLocationManagerDelegateProxy.swift in Sources */ = {isa = PBXBuildFile; fileRef = B8CA8C0F23B9ECAA0035E92A /* RxCLLocationManagerDelegateProxy.swift */; };
		B8CA8C1423B9F47A0035E92A /* CurrentlyWeatherViewModel.swift in Sources */ = {isa = PBXBuildFile; fileRef = B8CA8C1323B9F47A0035E92A /* CurrentlyWeatherViewModel.swift */; };
/* End PBXBuildFile section */

/* Begin PBXContainerItemProxy section */
		B868D1D223B5987F00902BBD /* PBXContainerItemProxy */ = {
			isa = PBXContainerItemProxy;
			containerPortal = B868D1B323B5987C00902BBD /* Project object */;
			proxyType = 1;
			remoteGlobalIDString = B868D1BA23B5987C00902BBD;
			remoteInfo = Weather;
		};
		B868D1DD23B5987F00902BBD /* PBXContainerItemProxy */ = {
			isa = PBXContainerItemProxy;
			containerPortal = B868D1B323B5987C00902BBD /* Project object */;
			proxyType = 1;
			remoteGlobalIDString = B868D1BA23B5987C00902BBD;
			remoteInfo = Weather;
		};
		B868D1FD23B59A7900902BBD /* PBXContainerItemProxy */ = {
			isa = PBXContainerItemProxy;
			containerPortal = B868D1B323B5987C00902BBD /* Project object */;
			proxyType = 1;
			remoteGlobalIDString = B868D1F223B59A7900902BBD;
			remoteInfo = Util;
		};
		B868D1FF23B59A7900902BBD /* PBXContainerItemProxy */ = {
			isa = PBXContainerItemProxy;
			containerPortal = B868D1B323B5987C00902BBD /* Project object */;
			proxyType = 1;
			remoteGlobalIDString = B868D1BA23B5987C00902BBD;
			remoteInfo = Weather;
		};
		B868D20623B59A7900902BBD /* PBXContainerItemProxy */ = {
			isa = PBXContainerItemProxy;
			containerPortal = B868D1B323B5987C00902BBD /* Project object */;
			proxyType = 1;
			remoteGlobalIDString = B868D1F223B59A7900902BBD;
			remoteInfo = Util;
		};
/* End PBXContainerItemProxy section */

/* Begin PBXCopyFilesBuildPhase section */
		B868D20D23B59A7900902BBD /* Embed Frameworks */ = {
			isa = PBXCopyFilesBuildPhase;
			buildActionMask = 2147483647;
			dstPath = "";
			dstSubfolderSpec = 10;
			files = (
				B868D20923B59A7900902BBD /* Util.framework in Embed Frameworks */,
			);
			name = "Embed Frameworks";
			runOnlyForDeploymentPostprocessing = 0;
		};
/* End PBXCopyFilesBuildPhase section */

/* Begin PBXFileReference section */
		0A22A3344E519A4AAEF17D6B /* Pods-Util.debug.xcconfig */ = {isa = PBXFileReference; includeInIndex = 1; lastKnownFileType = text.xcconfig; name = "Pods-Util.debug.xcconfig"; path = "Target Support Files/Pods-Util/Pods-Util.debug.xcconfig"; sourceTree = "<group>"; };
		233AEA5F05210C05A3994859 /* Pods-Weather-WeatherUITests.release.xcconfig */ = {isa = PBXFileReference; includeInIndex = 1; lastKnownFileType = text.xcconfig; name = "Pods-Weather-WeatherUITests.release.xcconfig"; path = "Target Support Files/Pods-Weather-WeatherUITests/Pods-Weather-WeatherUITests.release.xcconfig"; sourceTree = "<group>"; };
		335BF71906766704C8233F77 /* Pods_Weather.framework */ = {isa = PBXFileReference; explicitFileType = wrapper.framework; includeInIndex = 0; path = Pods_Weather.framework; sourceTree = BUILT_PRODUCTS_DIR; };
		3755CB9F8DB3F5C3AF3DE49E /* Pods_Util.framework */ = {isa = PBXFileReference; explicitFileType = wrapper.framework; includeInIndex = 0; path = Pods_Util.framework; sourceTree = BUILT_PRODUCTS_DIR; };
		3851E72CE67DA46CADFA3919 /* Pods-Util.release.xcconfig */ = {isa = PBXFileReference; includeInIndex = 1; lastKnownFileType = text.xcconfig; name = "Pods-Util.release.xcconfig"; path = "Target Support Files/Pods-Util/Pods-Util.release.xcconfig"; sourceTree = "<group>"; };
		56774A53479D1F397F476D8A /* Pods_Weather_WeatherUITests.framework */ = {isa = PBXFileReference; explicitFileType = wrapper.framework; includeInIndex = 0; path = Pods_Weather_WeatherUITests.framework; sourceTree = BUILT_PRODUCTS_DIR; };
		69D6819DD87613C60911134F /* Pods-Util-UtilTests.debug.xcconfig */ = {isa = PBXFileReference; includeInIndex = 1; lastKnownFileType = text.xcconfig; name = "Pods-Util-UtilTests.debug.xcconfig"; path = "Target Support Files/Pods-Util-UtilTests/Pods-Util-UtilTests.debug.xcconfig"; sourceTree = "<group>"; };
		798069AEB36F4F7AF8AD067E /* Pods-Weather-WeatherUITests.debug.xcconfig */ = {isa = PBXFileReference; includeInIndex = 1; lastKnownFileType = text.xcconfig; name = "Pods-Weather-WeatherUITests.debug.xcconfig"; path = "Target Support Files/Pods-Weather-WeatherUITests/Pods-Weather-WeatherUITests.debug.xcconfig"; sourceTree = "<group>"; };
		B827C5D823BB2249002C7934 /* CurrentlyCityViewModel.swift */ = {isa = PBXFileReference; lastKnownFileType = sourcecode.swift; path = CurrentlyCityViewModel.swift; sourceTree = "<group>"; };
		B827C5DA23BB23DA002C7934 /* Double+Additions.swift */ = {isa = PBXFileReference; lastKnownFileType = sourcecode.swift; path = "Double+Additions.swift"; sourceTree = "<group>"; };
		B83644FA23B5F6AA00941F0D /* XCTest.framework */ = {isa = PBXFileReference; lastKnownFileType = wrapper.framework; name = XCTest.framework; path = Platforms/iPhoneOS.platform/Developer/Library/Frameworks/XCTest.framework; sourceTree = DEVELOPER_DIR; };
		B836450223B5F8A500941F0D /* City.swift */ = {isa = PBXFileReference; lastKnownFileType = sourcecode.swift; path = City.swift; sourceTree = "<group>"; };
		B868D1BB23B5987C00902BBD /* Weather.app */ = {isa = PBXFileReference; explicitFileType = wrapper.application; includeInIndex = 0; path = Weather.app; sourceTree = BUILT_PRODUCTS_DIR; };
		B868D1BE23B5987C00902BBD /* AppDelegate.swift */ = {isa = PBXFileReference; lastKnownFileType = sourcecode.swift; path = AppDelegate.swift; sourceTree = "<group>"; };
		B868D1C223B5987C00902BBD /* TodayViewController.swift */ = {isa = PBXFileReference; lastKnownFileType = sourcecode.swift; path = TodayViewController.swift; sourceTree = "<group>"; };
		B868D1C723B5987F00902BBD /* Assets.xcassets */ = {isa = PBXFileReference; lastKnownFileType = folder.assetcatalog; path = Assets.xcassets; sourceTree = "<group>"; };
		B868D1CA23B5987F00902BBD /* Base */ = {isa = PBXFileReference; lastKnownFileType = file.storyboard; name = Base; path = Base.lproj/LaunchScreen.storyboard; sourceTree = "<group>"; };
		B868D1CC23B5987F00902BBD /* Info.plist */ = {isa = PBXFileReference; lastKnownFileType = text.plist.xml; path = Info.plist; sourceTree = "<group>"; };
		B868D1D123B5987F00902BBD /* WeatherTests.xctest */ = {isa = PBXFileReference; explicitFileType = wrapper.cfbundle; includeInIndex = 0; path = WeatherTests.xctest; sourceTree = BUILT_PRODUCTS_DIR; };
		B868D1D523B5987F00902BBD /* WeatherTests.swift */ = {isa = PBXFileReference; lastKnownFileType = sourcecode.swift; path = WeatherTests.swift; sourceTree = "<group>"; };
		B868D1D723B5987F00902BBD /* Info.plist */ = {isa = PBXFileReference; lastKnownFileType = text.plist.xml; path = Info.plist; sourceTree = "<group>"; };
		B868D1DC23B5987F00902BBD /* WeatherUITests.xctest */ = {isa = PBXFileReference; explicitFileType = wrapper.cfbundle; includeInIndex = 0; path = WeatherUITests.xctest; sourceTree = BUILT_PRODUCTS_DIR; };
		B868D1E023B5987F00902BBD /* WeatherUITests.swift */ = {isa = PBXFileReference; lastKnownFileType = sourcecode.swift; path = WeatherUITests.swift; sourceTree = "<group>"; };
		B868D1E223B5987F00902BBD /* Info.plist */ = {isa = PBXFileReference; lastKnownFileType = text.plist.xml; path = Info.plist; sourceTree = "<group>"; };
		B868D1F323B59A7900902BBD /* Util.framework */ = {isa = PBXFileReference; explicitFileType = wrapper.framework; includeInIndex = 0; path = Util.framework; sourceTree = BUILT_PRODUCTS_DIR; };
		B868D1F523B59A7900902BBD /* Util.h */ = {isa = PBXFileReference; lastKnownFileType = sourcecode.c.h; path = Util.h; sourceTree = "<group>"; };
		B868D1F623B59A7900902BBD /* Info.plist */ = {isa = PBXFileReference; lastKnownFileType = text.plist.xml; path = Info.plist; sourceTree = "<group>"; };
		B868D1FB23B59A7900902BBD /* UtilTests.xctest */ = {isa = PBXFileReference; explicitFileType = wrapper.cfbundle; includeInIndex = 0; path = UtilTests.xctest; sourceTree = BUILT_PRODUCTS_DIR; };
		B868D20223B59A7900902BBD /* UtilTests.swift */ = {isa = PBXFileReference; lastKnownFileType = sourcecode.swift; path = UtilTests.swift; sourceTree = "<group>"; };
		B868D20423B59A7900902BBD /* Info.plist */ = {isa = PBXFileReference; lastKnownFileType = text.plist.xml; path = Info.plist; sourceTree = "<group>"; };
		B868D21223B5A10200902BBD /* Kit.swift */ = {isa = PBXFileReference; fileEncoding = 4; lastKnownFileType = sourcecode.swift; path = Kit.swift; sourceTree = "<group>"; };
		B868D21423B5A10200902BBD /* Optional+Additions.swift */ = {isa = PBXFileReference; fileEncoding = 4; lastKnownFileType = sourcecode.swift; path = "Optional+Additions.swift"; sourceTree = "<group>"; };
		B868D21523B5A10200902BBD /* String+Additions.swift */ = {isa = PBXFileReference; fileEncoding = 4; lastKnownFileType = sourcecode.swift; path = "String+Additions.swift"; sourceTree = "<group>"; };
		B868D21623B5A10200902BBD /* Dictionary+Additions.swift */ = {isa = PBXFileReference; fileEncoding = 4; lastKnownFileType = sourcecode.swift; path = "Dictionary+Additions.swift"; sourceTree = "<group>"; };
		B868D21723B5A10200902BBD /* Sequence+Additions.swift */ = {isa = PBXFileReference; fileEncoding = 4; lastKnownFileType = sourcecode.swift; path = "Sequence+Additions.swift"; sourceTree = "<group>"; };
		B868D21923B5A10200902BBD /* Parsable.swift */ = {isa = PBXFileReference; fileEncoding = 4; lastKnownFileType = sourcecode.swift; path = Parsable.swift; sourceTree = "<group>"; };
		B868D21A23B5A10200902BBD /* ClientProtocol.swift */ = {isa = PBXFileReference; fileEncoding = 4; lastKnownFileType = sourcecode.swift; path = ClientProtocol.swift; sourceTree = "<group>"; };
		B868D21B23B5A10200902BBD /* RequestProtocol.swift */ = {isa = PBXFileReference; fileEncoding = 4; lastKnownFileType = sourcecode.swift; path = RequestProtocol.swift; sourceTree = "<group>"; };
		B868D22823B5AF5D00902BBD /* Request.swift */ = {isa = PBXFileReference; lastKnownFileType = sourcecode.swift; path = Request.swift; sourceTree = "<group>"; };
		B868D22A23B5B13400902BBD /* Weather.swift */ = {isa = PBXFileReference; lastKnownFileType = sourcecode.swift; path = Weather.swift; sourceTree = "<group>"; };
		B868D22C23B5B66200902BBD /* Client.swift */ = {isa = PBXFileReference; lastKnownFileType = sourcecode.swift; path = Client.swift; sourceTree = "<group>"; };
		B884737123BA5388002868E0 /* CurrentlyView.swift */ = {isa = PBXFileReference; lastKnownFileType = sourcecode.swift; path = CurrentlyView.swift; sourceTree = "<group>"; };
		B8CA8BC823B998220035E92A /* Color.swift */ = {isa = PBXFileReference; lastKnownFileType = sourcecode.swift; path = Color.swift; sourceTree = "<group>"; };
		B8CA8BCA23B9982D0035E92A /* Font.swift */ = {isa = PBXFileReference; lastKnownFileType = sourcecode.swift; path = Font.swift; sourceTree = "<group>"; };
		B8CA8BCC23B9D6340035E92A /* WeatherIcon.plist */ = {isa = PBXFileReference; lastKnownFileType = text.plist.xml; path = WeatherIcon.plist; sourceTree = "<group>"; };
		B8CA8C0E23B9ECAA0035E92A /* CLLocationManager+Rx.swift */ = {isa = PBXFileReference; fileEncoding = 4; lastKnownFileType = sourcecode.swift; path = "CLLocationManager+Rx.swift"; sourceTree = "<group>"; };
		B8CA8C0F23B9ECAA0035E92A /* RxCLLocationManagerDelegateProxy.swift */ = {isa = PBXFileReference; fileEncoding = 4; lastKnownFileType = sourcecode.swift; path = RxCLLocationManagerDelegateProxy.swift; sourceTree = "<group>"; };
		B8CA8C1323B9F47A0035E92A /* CurrentlyWeatherViewModel.swift */ = {isa = PBXFileReference; lastKnownFileType = sourcecode.swift; path = CurrentlyWeatherViewModel.swift; sourceTree = "<group>"; };
		BC73ECE6D17CF04098DF94B3 /* Pods-Weather.release.xcconfig */ = {isa = PBXFileReference; includeInIndex = 1; lastKnownFileType = text.xcconfig; name = "Pods-Weather.release.xcconfig"; path = "Target Support Files/Pods-Weather/Pods-Weather.release.xcconfig"; sourceTree = "<group>"; };
		BDEF42A3FB2E1FB29B52D404 /* Pods-WeatherTests.debug.xcconfig */ = {isa = PBXFileReference; includeInIndex = 1; lastKnownFileType = text.xcconfig; name = "Pods-WeatherTests.debug.xcconfig"; path = "Target Support Files/Pods-WeatherTests/Pods-WeatherTests.debug.xcconfig"; sourceTree = "<group>"; };
		C80908FE23BC4CBCF7105F38 /* Pods_WeatherTests.framework */ = {isa = PBXFileReference; explicitFileType = wrapper.framework; includeInIndex = 0; path = Pods_WeatherTests.framework; sourceTree = BUILT_PRODUCTS_DIR; };
		D251D34A20198FD33FEB7E11 /* Pods-WeatherTests.release.xcconfig */ = {isa = PBXFileReference; includeInIndex = 1; lastKnownFileType = text.xcconfig; name = "Pods-WeatherTests.release.xcconfig"; path = "Target Support Files/Pods-WeatherTests/Pods-WeatherTests.release.xcconfig"; sourceTree = "<group>"; };
		D9A5A74BC3FB346439C8AA3A /* Pods_Util_UtilTests.framework */ = {isa = PBXFileReference; explicitFileType = wrapper.framework; includeInIndex = 0; path = Pods_Util_UtilTests.framework; sourceTree = BUILT_PRODUCTS_DIR; };
		ECA1A07CDC0C483A26F5D57C /* Pods-Util-UtilTests.release.xcconfig */ = {isa = PBXFileReference; includeInIndex = 1; lastKnownFileType = text.xcconfig; name = "Pods-Util-UtilTests.release.xcconfig"; path = "Target Support Files/Pods-Util-UtilTests/Pods-Util-UtilTests.release.xcconfig"; sourceTree = "<group>"; };
		F507C8D94A15B8144E0B4401 /* Pods-Weather.debug.xcconfig */ = {isa = PBXFileReference; includeInIndex = 1; lastKnownFileType = text.xcconfig; name = "Pods-Weather.debug.xcconfig"; path = "Target Support Files/Pods-Weather/Pods-Weather.debug.xcconfig"; sourceTree = "<group>"; };
/* End PBXFileReference section */

/* Begin PBXFrameworksBuildPhase section */
		B868D1B823B5987C00902BBD /* Frameworks */ = {
			isa = PBXFrameworksBuildPhase;
			buildActionMask = 2147483647;
			files = (
				B868D20823B59A7900902BBD /* Util.framework in Frameworks */,
				0CC89A30F24C252306C4826B /* Pods_Weather.framework in Frameworks */,
			);
			runOnlyForDeploymentPostprocessing = 0;
		};
		B868D1CE23B5987F00902BBD /* Frameworks */ = {
			isa = PBXFrameworksBuildPhase;
			buildActionMask = 2147483647;
			files = (
				0400A36316020108372657C4 /* Pods_WeatherTests.framework in Frameworks */,
			);
			runOnlyForDeploymentPostprocessing = 0;
		};
		B868D1D923B5987F00902BBD /* Frameworks */ = {
			isa = PBXFrameworksBuildPhase;
			buildActionMask = 2147483647;
			files = (
				02864B5813A49DB3A315EAC0 /* Pods_Weather_WeatherUITests.framework in Frameworks */,
			);
			runOnlyForDeploymentPostprocessing = 0;
		};
		B868D1F023B59A7900902BBD /* Frameworks */ = {
			isa = PBXFrameworksBuildPhase;
			buildActionMask = 2147483647;
			files = (
				65043637CA08E747E359DCF9 /* Pods_Util.framework in Frameworks */,
			);
			runOnlyForDeploymentPostprocessing = 0;
		};
		B868D1F823B59A7900902BBD /* Frameworks */ = {
			isa = PBXFrameworksBuildPhase;
			buildActionMask = 2147483647;
			files = (
				B868D1FC23B59A7900902BBD /* Util.framework in Frameworks */,
				7E443F49B9D694292A7DAC02 /* Pods_Util_UtilTests.framework in Frameworks */,
			);
			runOnlyForDeploymentPostprocessing = 0;
		};
/* End PBXFrameworksBuildPhase section */

/* Begin PBXGroup section */
		6B15ECB0CFD97F12DE3BE85A /* Pods */ = {
			isa = PBXGroup;
			children = (
				0A22A3344E519A4AAEF17D6B /* Pods-Util.debug.xcconfig */,
				3851E72CE67DA46CADFA3919 /* Pods-Util.release.xcconfig */,
				69D6819DD87613C60911134F /* Pods-Util-UtilTests.debug.xcconfig */,
				ECA1A07CDC0C483A26F5D57C /* Pods-Util-UtilTests.release.xcconfig */,
				F507C8D94A15B8144E0B4401 /* Pods-Weather.debug.xcconfig */,
				BC73ECE6D17CF04098DF94B3 /* Pods-Weather.release.xcconfig */,
				798069AEB36F4F7AF8AD067E /* Pods-Weather-WeatherUITests.debug.xcconfig */,
				233AEA5F05210C05A3994859 /* Pods-Weather-WeatherUITests.release.xcconfig */,
				BDEF42A3FB2E1FB29B52D404 /* Pods-WeatherTests.debug.xcconfig */,
				D251D34A20198FD33FEB7E11 /* Pods-WeatherTests.release.xcconfig */,
			);
			path = Pods;
			sourceTree = "<group>";
		};
		990C7FA6082CD612DA6230A4 /* Frameworks */ = {
			isa = PBXGroup;
			children = (
				B83644FA23B5F6AA00941F0D /* XCTest.framework */,
				3755CB9F8DB3F5C3AF3DE49E /* Pods_Util.framework */,
				D9A5A74BC3FB346439C8AA3A /* Pods_Util_UtilTests.framework */,
				335BF71906766704C8233F77 /* Pods_Weather.framework */,
				56774A53479D1F397F476D8A /* Pods_Weather_WeatherUITests.framework */,
				C80908FE23BC4CBCF7105F38 /* Pods_WeatherTests.framework */,
			);
			name = Frameworks;
			sourceTree = "<group>";
		};
		B83644FF23B5F80700941F0D /* Model */ = {
			isa = PBXGroup;
			children = (
				B868D22A23B5B13400902BBD /* Weather.swift */,
				B836450223B5F8A500941F0D /* City.swift */,
			);
			path = Model;
			sourceTree = "<group>";
		};
		B836450023B5F81A00941F0D /* SupportingFiles */ = {
			isa = PBXGroup;
			children = (
				B868D1CC23B5987F00902BBD /* Info.plist */,
			);
			path = SupportingFiles;
			sourceTree = "<group>";
		};
		B836450123B5F82300941F0D /* Resources */ = {
			isa = PBXGroup;
			children = (
				B868D1C723B5987F00902BBD /* Assets.xcassets */,
				B868D1C923B5987F00902BBD /* LaunchScreen.storyboard */,
				B8CA8BCC23B9D6340035E92A /* WeatherIcon.plist */,
			);
			path = Resources;
			sourceTree = "<group>";
		};
		B868D1B223B5987C00902BBD = {
			isa = PBXGroup;
			children = (
				B868D1BD23B5987C00902BBD /* Weather */,
				B868D1F423B59A7900902BBD /* Util */,
				B868D1D423B5987F00902BBD /* WeatherTests */,
				B868D1DF23B5987F00902BBD /* WeatherUITests */,
				B868D20123B59A7900902BBD /* UtilTests */,
				B868D1BC23B5987C00902BBD /* Products */,
				6B15ECB0CFD97F12DE3BE85A /* Pods */,
				990C7FA6082CD612DA6230A4 /* Frameworks */,
			);
			sourceTree = "<group>";
		};
		B868D1BC23B5987C00902BBD /* Products */ = {
			isa = PBXGroup;
			children = (
				B868D1BB23B5987C00902BBD /* Weather.app */,
				B868D1D123B5987F00902BBD /* WeatherTests.xctest */,
				B868D1DC23B5987F00902BBD /* WeatherUITests.xctest */,
				B868D1F323B59A7900902BBD /* Util.framework */,
				B868D1FB23B59A7900902BBD /* UtilTests.xctest */,
			);
			name = Products;
			sourceTree = "<group>";
		};
		B868D1BD23B5987C00902BBD /* Weather */ = {
			isa = PBXGroup;
			children = (
				B868D1BE23B5987C00902BBD /* AppDelegate.swift */,
				B8CA8BCE23B9D8E40035E92A /* ViewController */,
				B83644FF23B5F80700941F0D /* Model */,
				B8CA8BC623B997FC0035E92A /* Tools */,
				B836450123B5F82300941F0D /* Resources */,
				B836450023B5F81A00941F0D /* SupportingFiles */,
			);
			path = Weather;
			sourceTree = "<group>";
		};
		B868D1D423B5987F00902BBD /* WeatherTests */ = {
			isa = PBXGroup;
			children = (
				B868D1D523B5987F00902BBD /* WeatherTests.swift */,
				B868D1D723B5987F00902BBD /* Info.plist */,
			);
			path = WeatherTests;
			sourceTree = "<group>";
		};
		B868D1DF23B5987F00902BBD /* WeatherUITests */ = {
			isa = PBXGroup;
			children = (
				B868D1E023B5987F00902BBD /* WeatherUITests.swift */,
				B868D1E223B5987F00902BBD /* Info.plist */,
			);
			path = WeatherUITests;
			sourceTree = "<group>";
		};
		B868D1F423B59A7900902BBD /* Util */ = {
			isa = PBXGroup;
			children = (
				B868D1F523B59A7900902BBD /* Util.h */,
				B868D1F623B59A7900902BBD /* Info.plist */,
				B868D21323B5A10200902BBD /* Foundation+Extension */,
				B868D21823B5A10200902BBD /* Request */,
				B868D21123B5A10200902BBD /* UIKit+Extension */,
			);
			path = Util;
			sourceTree = "<group>";
		};
		B868D20123B59A7900902BBD /* UtilTests */ = {
			isa = PBXGroup;
			children = (
				B868D20223B59A7900902BBD /* UtilTests.swift */,
				B868D20423B59A7900902BBD /* Info.plist */,
			);
			path = UtilTests;
			sourceTree = "<group>";
		};
		B868D21123B5A10200902BBD /* UIKit+Extension */ = {
			isa = PBXGroup;
			children = (
				B868D21223B5A10200902BBD /* Kit.swift */,
			);
			path = "UIKit+Extension";
			sourceTree = "<group>";
		};
		B868D21323B5A10200902BBD /* Foundation+Extension */ = {
			isa = PBXGroup;
			children = (
				B868D21423B5A10200902BBD /* Optional+Additions.swift */,
				B868D21523B5A10200902BBD /* String+Additions.swift */,
				B868D21623B5A10200902BBD /* Dictionary+Additions.swift */,
				B868D21723B5A10200902BBD /* Sequence+Additions.swift */,
			);
			path = "Foundation+Extension";
			sourceTree = "<group>";
		};
		B868D21823B5A10200902BBD /* Request */ = {
			isa = PBXGroup;
			children = (
				B868D21923B5A10200902BBD /* Parsable.swift */,
				B868D21A23B5A10200902BBD /* ClientProtocol.swift */,
				B868D21B23B5A10200902BBD /* RequestProtocol.swift */,
			);
			path = Request;
			sourceTree = "<group>";
		};
		B868D22723B5AF4B00902BBD /* Network */ = {
			isa = PBXGroup;
			children = (
				B868D22823B5AF5D00902BBD /* Request.swift */,
				B868D22C23B5B66200902BBD /* Client.swift */,
			);
			path = Network;
			sourceTree = "<group>";
		};
		B8CA8BC623B997FC0035E92A /* Tools */ = {
			isa = PBXGroup;
			children = (
				B8CA8C0B23B9EBDE0035E92A /* Extension */,
				B8CA8BC723B9980E0035E92A /* UI */,
				B868D22723B5AF4B00902BBD /* Network */,
			);
			path = Tools;
			sourceTree = "<group>";
		};
		B8CA8BC723B9980E0035E92A /* UI */ = {
			isa = PBXGroup;
			children = (
				B8CA8BC823B998220035E92A /* Color.swift */,
				B8CA8BCA23B9982D0035E92A /* Font.swift */,
			);
			path = UI;
			sourceTree = "<group>";
		};
		B8CA8BCE23B9D8E40035E92A /* ViewController */ = {
			isa = PBXGroup;
			children = (
				B8CA8C1223B9F44C0035E92A /* Tody */,
			);
			path = ViewController;
			sourceTree = "<group>";
		};
		B8CA8C0B23B9EBDE0035E92A /* Extension */ = {
			isa = PBXGroup;
			children = (
				B8CA8C0E23B9ECAA0035E92A /* CLLocationManager+Rx.swift */,
				B8CA8C0F23B9ECAA0035E92A /* RxCLLocationManagerDelegateProxy.swift */,
				B827C5DA23BB23DA002C7934 /* Double+Additions.swift */,
			);
			path = Extension;
			sourceTree = "<group>";
		};
		B8CA8C1223B9F44C0035E92A /* Tody */ = {
			isa = PBXGroup;
			children = (
				B868D1C223B5987C00902BBD /* TodayViewController.swift */,
				B884737123BA5388002868E0 /* CurrentlyView.swift */,
				B8CA8C1323B9F47A0035E92A /* CurrentlyWeatherViewModel.swift */,
				B827C5D823BB2249002C7934 /* CurrentlyCityViewModel.swift */,
			);
			path = Tody;
			sourceTree = "<group>";
		};
/* End PBXGroup section */

/* Begin PBXHeadersBuildPhase section */
		B868D1EE23B59A7900902BBD /* Headers */ = {
			isa = PBXHeadersBuildPhase;
			buildActionMask = 2147483647;
			files = (
				B868D20523B59A7900902BBD /* Util.h in Headers */,
			);
			runOnlyForDeploymentPostprocessing = 0;
		};
/* End PBXHeadersBuildPhase section */

/* Begin PBXNativeTarget section */
		B868D1BA23B5987C00902BBD /* Weather */ = {
			isa = PBXNativeTarget;
			buildConfigurationList = B868D1E523B5987F00902BBD /* Build configuration list for PBXNativeTarget "Weather" */;
			buildPhases = (
				3B2E78D026180A479099C300 /* [CP] Check Pods Manifest.lock */,
				B868D1B723B5987C00902BBD /* Sources */,
				B868D1B823B5987C00902BBD /* Frameworks */,
				B868D1B923B5987C00902BBD /* Resources */,
				B868D20D23B59A7900902BBD /* Embed Frameworks */,
				EA2F5D91AF7AF375F1841492 /* [CP] Embed Pods Frameworks */,
				B836450423B5FC0800941F0D /* ShellScript */,
			);
			buildRules = (
			);
			dependencies = (
				B868D20723B59A7900902BBD /* PBXTargetDependency */,
			);
			name = Weather;
			productName = Weather;
			productReference = B868D1BB23B5987C00902BBD /* Weather.app */;
			productType = "com.apple.product-type.application";
		};
		B868D1D023B5987F00902BBD /* WeatherTests */ = {
			isa = PBXNativeTarget;
			buildConfigurationList = B868D1E823B5987F00902BBD /* Build configuration list for PBXNativeTarget "WeatherTests" */;
			buildPhases = (
				39FCB2E1C02BBAD3E46ECC0F /* [CP] Check Pods Manifest.lock */,
				B868D1CD23B5987F00902BBD /* Sources */,
				B868D1CE23B5987F00902BBD /* Frameworks */,
				B868D1CF23B5987F00902BBD /* Resources */,
				2A2DCD15CC1BD0839B40CB4E /* [CP] Embed Pods Frameworks */,
			);
			buildRules = (
			);
			dependencies = (
				B868D1D323B5987F00902BBD /* PBXTargetDependency */,
			);
			name = WeatherTests;
			productName = WeatherTests;
			productReference = B868D1D123B5987F00902BBD /* WeatherTests.xctest */;
			productType = "com.apple.product-type.bundle.unit-test";
		};
		B868D1DB23B5987F00902BBD /* WeatherUITests */ = {
			isa = PBXNativeTarget;
			buildConfigurationList = B868D1EB23B5987F00902BBD /* Build configuration list for PBXNativeTarget "WeatherUITests" */;
			buildPhases = (
				6B8E8E651928A59AF33145C8 /* [CP] Check Pods Manifest.lock */,
				B868D1D823B5987F00902BBD /* Sources */,
				B868D1D923B5987F00902BBD /* Frameworks */,
				B868D1DA23B5987F00902BBD /* Resources */,
				DC961630901BD06E67D9AC77 /* [CP] Embed Pods Frameworks */,
			);
			buildRules = (
			);
			dependencies = (
				B868D1DE23B5987F00902BBD /* PBXTargetDependency */,
			);
			name = WeatherUITests;
			productName = WeatherUITests;
			productReference = B868D1DC23B5987F00902BBD /* WeatherUITests.xctest */;
			productType = "com.apple.product-type.bundle.ui-testing";
		};
		B868D1F223B59A7900902BBD /* Util */ = {
			isa = PBXNativeTarget;
			buildConfigurationList = B868D20A23B59A7900902BBD /* Build configuration list for PBXNativeTarget "Util" */;
			buildPhases = (
				DB1319EE514F1D466E513E1D /* [CP] Check Pods Manifest.lock */,
				B868D1EE23B59A7900902BBD /* Headers */,
				B868D1EF23B59A7900902BBD /* Sources */,
				B868D1F023B59A7900902BBD /* Frameworks */,
				B868D1F123B59A7900902BBD /* Resources */,
			);
			buildRules = (
			);
			dependencies = (
			);
			name = Util;
			productName = Util;
			productReference = B868D1F323B59A7900902BBD /* Util.framework */;
			productType = "com.apple.product-type.framework";
		};
		B868D1FA23B59A7900902BBD /* UtilTests */ = {
			isa = PBXNativeTarget;
			buildConfigurationList = B868D20E23B59A7900902BBD /* Build configuration list for PBXNativeTarget "UtilTests" */;
			buildPhases = (
				8D81979C31830BC373835898 /* [CP] Check Pods Manifest.lock */,
				B868D1F723B59A7900902BBD /* Sources */,
				B868D1F823B59A7900902BBD /* Frameworks */,
				B868D1F923B59A7900902BBD /* Resources */,
			);
			buildRules = (
			);
			dependencies = (
				B868D1FE23B59A7900902BBD /* PBXTargetDependency */,
				B868D20023B59A7900902BBD /* PBXTargetDependency */,
			);
			name = UtilTests;
			productName = UtilTests;
			productReference = B868D1FB23B59A7900902BBD /* UtilTests.xctest */;
			productType = "com.apple.product-type.bundle.unit-test";
		};
/* End PBXNativeTarget section */

/* Begin PBXProject section */
		B868D1B323B5987C00902BBD /* Project object */ = {
			isa = PBXProject;
			attributes = {
				LastSwiftUpdateCheck = 1120;
				LastUpgradeCheck = 1120;
				ORGANIZATIONNAME = wiley;
				TargetAttributes = {
					B868D1BA23B5987C00902BBD = {
						CreatedOnToolsVersion = 11.2.1;
					};
					B868D1D023B5987F00902BBD = {
						CreatedOnToolsVersion = 11.2.1;
						TestTargetID = B868D1BA23B5987C00902BBD;
					};
					B868D1DB23B5987F00902BBD = {
						CreatedOnToolsVersion = 11.2.1;
						TestTargetID = B868D1BA23B5987C00902BBD;
					};
					B868D1F223B59A7900902BBD = {
						CreatedOnToolsVersion = 11.2.1;
					};
					B868D1FA23B59A7900902BBD = {
						CreatedOnToolsVersion = 11.2.1;
						TestTargetID = B868D1BA23B5987C00902BBD;
					};
				};
			};
			buildConfigurationList = B868D1B623B5987C00902BBD /* Build configuration list for PBXProject "Weather" */;
			compatibilityVersion = "Xcode 9.3";
			developmentRegion = en;
			hasScannedForEncodings = 0;
			knownRegions = (
				en,
				Base,
			);
			mainGroup = B868D1B223B5987C00902BBD;
			productRefGroup = B868D1BC23B5987C00902BBD /* Products */;
			projectDirPath = "";
			projectRoot = "";
			targets = (
				B868D1BA23B5987C00902BBD /* Weather */,
				B868D1D023B5987F00902BBD /* WeatherTests */,
				B868D1DB23B5987F00902BBD /* WeatherUITests */,
				B868D1F223B59A7900902BBD /* Util */,
				B868D1FA23B59A7900902BBD /* UtilTests */,
			);
		};
/* End PBXProject section */

/* Begin PBXResourcesBuildPhase section */
		B868D1B923B5987C00902BBD /* Resources */ = {
			isa = PBXResourcesBuildPhase;
			buildActionMask = 2147483647;
			files = (
				B868D1CB23B5987F00902BBD /* LaunchScreen.storyboard in Resources */,
				B8CA8BCD23B9D6340035E92A /* WeatherIcon.plist in Resources */,
				B868D1C823B5987F00902BBD /* Assets.xcassets in Resources */,
			);
			runOnlyForDeploymentPostprocessing = 0;
		};
		B868D1CF23B5987F00902BBD /* Resources */ = {
			isa = PBXResourcesBuildPhase;
			buildActionMask = 2147483647;
			files = (
			);
			runOnlyForDeploymentPostprocessing = 0;
		};
		B868D1DA23B5987F00902BBD /* Resources */ = {
			isa = PBXResourcesBuildPhase;
			buildActionMask = 2147483647;
			files = (
			);
			runOnlyForDeploymentPostprocessing = 0;
		};
		B868D1F123B59A7900902BBD /* Resources */ = {
			isa = PBXResourcesBuildPhase;
			buildActionMask = 2147483647;
			files = (
			);
			runOnlyForDeploymentPostprocessing = 0;
		};
		B868D1F923B59A7900902BBD /* Resources */ = {
			isa = PBXResourcesBuildPhase;
			buildActionMask = 2147483647;
			files = (
			);
			runOnlyForDeploymentPostprocessing = 0;
		};
/* End PBXResourcesBuildPhase section */

/* Begin PBXShellScriptBuildPhase section */
		2A2DCD15CC1BD0839B40CB4E /* [CP] Embed Pods Frameworks */ = {
			isa = PBXShellScriptBuildPhase;
			buildActionMask = 2147483647;
			files = (
			);
			inputFileListPaths = (
				"${PODS_ROOT}/Target Support Files/Pods-WeatherTests/Pods-WeatherTests-frameworks-${CONFIGURATION}-input-files.xcfilelist",
			);
			name = "[CP] Embed Pods Frameworks";
			outputFileListPaths = (
				"${PODS_ROOT}/Target Support Files/Pods-WeatherTests/Pods-WeatherTests-frameworks-${CONFIGURATION}-output-files.xcfilelist",
			);
			runOnlyForDeploymentPostprocessing = 0;
			shellPath = /bin/sh;
			shellScript = "\"${PODS_ROOT}/Target Support Files/Pods-WeatherTests/Pods-WeatherTests-frameworks.sh\"\n";
			showEnvVarsInLog = 0;
		};
		39FCB2E1C02BBAD3E46ECC0F /* [CP] Check Pods Manifest.lock */ = {
			isa = PBXShellScriptBuildPhase;
			buildActionMask = 2147483647;
			files = (
			);
			inputFileListPaths = (
			);
			inputPaths = (
				"${PODS_PODFILE_DIR_PATH}/Podfile.lock",
				"${PODS_ROOT}/Manifest.lock",
			);
			name = "[CP] Check Pods Manifest.lock";
			outputFileListPaths = (
			);
			outputPaths = (
				"$(DERIVED_FILE_DIR)/Pods-WeatherTests-checkManifestLockResult.txt",
			);
			runOnlyForDeploymentPostprocessing = 0;
			shellPath = /bin/sh;
			shellScript = "diff \"${PODS_PODFILE_DIR_PATH}/Podfile.lock\" \"${PODS_ROOT}/Manifest.lock\" > /dev/null\nif [ $? != 0 ] ; then\n    # print error to STDERR\n    echo \"error: The sandbox is not in sync with the Podfile.lock. Run 'pod install' or update your CocoaPods installation.\" >&2\n    exit 1\nfi\n# This output is used by Xcode 'outputs' to avoid re-running this script phase.\necho \"SUCCESS\" > \"${SCRIPT_OUTPUT_FILE_0}\"\n";
			showEnvVarsInLog = 0;
		};
		3B2E78D026180A479099C300 /* [CP] Check Pods Manifest.lock */ = {
			isa = PBXShellScriptBuildPhase;
			buildActionMask = 2147483647;
			files = (
			);
			inputFileListPaths = (
			);
			inputPaths = (
				"${PODS_PODFILE_DIR_PATH}/Podfile.lock",
				"${PODS_ROOT}/Manifest.lock",
			);
			name = "[CP] Check Pods Manifest.lock";
			outputFileListPaths = (
			);
			outputPaths = (
				"$(DERIVED_FILE_DIR)/Pods-Weather-checkManifestLockResult.txt",
			);
			runOnlyForDeploymentPostprocessing = 0;
			shellPath = /bin/sh;
			shellScript = "diff \"${PODS_PODFILE_DIR_PATH}/Podfile.lock\" \"${PODS_ROOT}/Manifest.lock\" > /dev/null\nif [ $? != 0 ] ; then\n    # print error to STDERR\n    echo \"error: The sandbox is not in sync with the Podfile.lock. Run 'pod install' or update your CocoaPods installation.\" >&2\n    exit 1\nfi\n# This output is used by Xcode 'outputs' to avoid re-running this script phase.\necho \"SUCCESS\" > \"${SCRIPT_OUTPUT_FILE_0}\"\n";
			showEnvVarsInLog = 0;
		};
		6B8E8E651928A59AF33145C8 /* [CP] Check Pods Manifest.lock */ = {
			isa = PBXShellScriptBuildPhase;
			buildActionMask = 2147483647;
			files = (
			);
			inputFileListPaths = (
			);
			inputPaths = (
				"${PODS_PODFILE_DIR_PATH}/Podfile.lock",
				"${PODS_ROOT}/Manifest.lock",
			);
			name = "[CP] Check Pods Manifest.lock";
			outputFileListPaths = (
			);
			outputPaths = (
				"$(DERIVED_FILE_DIR)/Pods-Weather-WeatherUITests-checkManifestLockResult.txt",
			);
			runOnlyForDeploymentPostprocessing = 0;
			shellPath = /bin/sh;
			shellScript = "diff \"${PODS_PODFILE_DIR_PATH}/Podfile.lock\" \"${PODS_ROOT}/Manifest.lock\" > /dev/null\nif [ $? != 0 ] ; then\n    # print error to STDERR\n    echo \"error: The sandbox is not in sync with the Podfile.lock. Run 'pod install' or update your CocoaPods installation.\" >&2\n    exit 1\nfi\n# This output is used by Xcode 'outputs' to avoid re-running this script phase.\necho \"SUCCESS\" > \"${SCRIPT_OUTPUT_FILE_0}\"\n";
			showEnvVarsInLog = 0;
		};
		8D81979C31830BC373835898 /* [CP] Check Pods Manifest.lock */ = {
			isa = PBXShellScriptBuildPhase;
			buildActionMask = 2147483647;
			files = (
			);
			inputFileListPaths = (
			);
			inputPaths = (
				"${PODS_PODFILE_DIR_PATH}/Podfile.lock",
				"${PODS_ROOT}/Manifest.lock",
			);
			name = "[CP] Check Pods Manifest.lock";
			outputFileListPaths = (
			);
			outputPaths = (
				"$(DERIVED_FILE_DIR)/Pods-Util-UtilTests-checkManifestLockResult.txt",
			);
			runOnlyForDeploymentPostprocessing = 0;
			shellPath = /bin/sh;
			shellScript = "diff \"${PODS_PODFILE_DIR_PATH}/Podfile.lock\" \"${PODS_ROOT}/Manifest.lock\" > /dev/null\nif [ $? != 0 ] ; then\n    # print error to STDERR\n    echo \"error: The sandbox is not in sync with the Podfile.lock. Run 'pod install' or update your CocoaPods installation.\" >&2\n    exit 1\nfi\n# This output is used by Xcode 'outputs' to avoid re-running this script phase.\necho \"SUCCESS\" > \"${SCRIPT_OUTPUT_FILE_0}\"\n";
			showEnvVarsInLog = 0;
		};
		B836450423B5FC0800941F0D /* ShellScript */ = {
			isa = PBXShellScriptBuildPhase;
			buildActionMask = 2147483647;
			files = (
			);
			inputFileListPaths = (
			);
			inputPaths = (
			);
			outputFileListPaths = (
			);
			outputPaths = (
			);
			runOnlyForDeploymentPostprocessing = 0;
			shellPath = /bin/sh;
			shellScript = "# Type a script or drag a script file from your workspace to insert its path.\nif which swiftlint >/dev/null; then\n  swiftlint\nelse\n  echo \"warning: SwiftLint not installed, download from https://github.com/realm/SwiftLint\"\nfi\n";
		};
		DB1319EE514F1D466E513E1D /* [CP] Check Pods Manifest.lock */ = {
			isa = PBXShellScriptBuildPhase;
			buildActionMask = 2147483647;
			files = (
			);
			inputFileListPaths = (
			);
			inputPaths = (
				"${PODS_PODFILE_DIR_PATH}/Podfile.lock",
				"${PODS_ROOT}/Manifest.lock",
			);
			name = "[CP] Check Pods Manifest.lock";
			outputFileListPaths = (
			);
			outputPaths = (
				"$(DERIVED_FILE_DIR)/Pods-Util-checkManifestLockResult.txt",
			);
			runOnlyForDeploymentPostprocessing = 0;
			shellPath = /bin/sh;
			shellScript = "diff \"${PODS_PODFILE_DIR_PATH}/Podfile.lock\" \"${PODS_ROOT}/Manifest.lock\" > /dev/null\nif [ $? != 0 ] ; then\n    # print error to STDERR\n    echo \"error: The sandbox is not in sync with the Podfile.lock. Run 'pod install' or update your CocoaPods installation.\" >&2\n    exit 1\nfi\n# This output is used by Xcode 'outputs' to avoid re-running this script phase.\necho \"SUCCESS\" > \"${SCRIPT_OUTPUT_FILE_0}\"\n";
			showEnvVarsInLog = 0;
		};
		DC961630901BD06E67D9AC77 /* [CP] Embed Pods Frameworks */ = {
			isa = PBXShellScriptBuildPhase;
			buildActionMask = 2147483647;
			files = (
			);
			inputFileListPaths = (
				"${PODS_ROOT}/Target Support Files/Pods-Weather-WeatherUITests/Pods-Weather-WeatherUITests-frameworks-${CONFIGURATION}-input-files.xcfilelist",
			);
			name = "[CP] Embed Pods Frameworks";
			outputFileListPaths = (
				"${PODS_ROOT}/Target Support Files/Pods-Weather-WeatherUITests/Pods-Weather-WeatherUITests-frameworks-${CONFIGURATION}-output-files.xcfilelist",
			);
			runOnlyForDeploymentPostprocessing = 0;
			shellPath = /bin/sh;
			shellScript = "\"${PODS_ROOT}/Target Support Files/Pods-Weather-WeatherUITests/Pods-Weather-WeatherUITests-frameworks.sh\"\n";
			showEnvVarsInLog = 0;
		};
		EA2F5D91AF7AF375F1841492 /* [CP] Embed Pods Frameworks */ = {
			isa = PBXShellScriptBuildPhase;
			buildActionMask = 2147483647;
			files = (
			);
			inputFileListPaths = (
				"${PODS_ROOT}/Target Support Files/Pods-Weather/Pods-Weather-frameworks-${CONFIGURATION}-input-files.xcfilelist",
			);
			name = "[CP] Embed Pods Frameworks";
			outputFileListPaths = (
				"${PODS_ROOT}/Target Support Files/Pods-Weather/Pods-Weather-frameworks-${CONFIGURATION}-output-files.xcfilelist",
			);
			runOnlyForDeploymentPostprocessing = 0;
			shellPath = /bin/sh;
			shellScript = "\"${PODS_ROOT}/Target Support Files/Pods-Weather/Pods-Weather-frameworks.sh\"\n";
			showEnvVarsInLog = 0;
		};
/* End PBXShellScriptBuildPhase section */

/* Begin PBXSourcesBuildPhase section */
		B868D1B723B5987C00902BBD /* Sources */ = {
			isa = PBXSourcesBuildPhase;
			buildActionMask = 2147483647;
			files = (
				B868D1C323B5987C00902BBD /* TodayViewController.swift in Sources */,
				B884737223BA5388002868E0 /* CurrentlyView.swift in Sources */,
				B868D22923B5AF5D00902BBD /* Request.swift in Sources */,
				B8CA8BC923B998220035E92A /* Color.swift in Sources */,
				B8CA8C1123B9ECAA0035E92A /* RxCLLocationManagerDelegateProxy.swift in Sources */,
				B836450323B5F8A500941F0D /* City.swift in Sources */,
				B827C5DB23BB23DA002C7934 /* Double+Additions.swift in Sources */,
				B8CA8BCB23B9982D0035E92A /* Font.swift in Sources */,
				B868D1BF23B5987C00902BBD /* AppDelegate.swift in Sources */,
				B8CA8C1023B9ECAA0035E92A /* CLLocationManager+Rx.swift in Sources */,
				B868D22D23B5B66200902BBD /* Client.swift in Sources */,
				B827C5D923BB2249002C7934 /* CurrentlyCityViewModel.swift in Sources */,
				B8CA8C1423B9F47A0035E92A /* CurrentlyWeatherViewModel.swift in Sources */,
				B868D22B23B5B13400902BBD /* Weather.swift in Sources */,
			);
			runOnlyForDeploymentPostprocessing = 0;
		};
		B868D1CD23B5987F00902BBD /* Sources */ = {
			isa = PBXSourcesBuildPhase;
			buildActionMask = 2147483647;
			files = (
				B868D1D623B5987F00902BBD /* WeatherTests.swift in Sources */,
			);
			runOnlyForDeploymentPostprocessing = 0;
		};
		B868D1D823B5987F00902BBD /* Sources */ = {
			isa = PBXSourcesBuildPhase;
			buildActionMask = 2147483647;
			files = (
				B868D1E123B5987F00902BBD /* WeatherUITests.swift in Sources */,
			);
			runOnlyForDeploymentPostprocessing = 0;
		};
		B868D1EF23B59A7900902BBD /* Sources */ = {
			isa = PBXSourcesBuildPhase;
			buildActionMask = 2147483647;
			files = (
				B868D21C23B5A10200902BBD /* Kit.swift in Sources */,
				B868D22023B5A10200902BBD /* Sequence+Additions.swift in Sources */,
				B868D21F23B5A10200902BBD /* Dictionary+Additions.swift in Sources */,
				B868D22323B5A10200902BBD /* RequestProtocol.swift in Sources */,
				B868D21D23B5A10200902BBD /* Optional+Additions.swift in Sources */,
				B868D21E23B5A10200902BBD /* String+Additions.swift in Sources */,
				B868D22223B5A10200902BBD /* ClientProtocol.swift in Sources */,
				B868D22123B5A10200902BBD /* Parsable.swift in Sources */,
			);
			runOnlyForDeploymentPostprocessing = 0;
		};
		B868D1F723B59A7900902BBD /* Sources */ = {
			isa = PBXSourcesBuildPhase;
			buildActionMask = 2147483647;
			files = (
				B868D20323B59A7900902BBD /* UtilTests.swift in Sources */,
			);
			runOnlyForDeploymentPostprocessing = 0;
		};
/* End PBXSourcesBuildPhase section */

/* Begin PBXTargetDependency section */
		B868D1D323B5987F00902BBD /* PBXTargetDependency */ = {
			isa = PBXTargetDependency;
			target = B868D1BA23B5987C00902BBD /* Weather */;
			targetProxy = B868D1D223B5987F00902BBD /* PBXContainerItemProxy */;
		};
		B868D1DE23B5987F00902BBD /* PBXTargetDependency */ = {
			isa = PBXTargetDependency;
			target = B868D1BA23B5987C00902BBD /* Weather */;
			targetProxy = B868D1DD23B5987F00902BBD /* PBXContainerItemProxy */;
		};
		B868D1FE23B59A7900902BBD /* PBXTargetDependency */ = {
			isa = PBXTargetDependency;
			target = B868D1F223B59A7900902BBD /* Util */;
			targetProxy = B868D1FD23B59A7900902BBD /* PBXContainerItemProxy */;
		};
		B868D20023B59A7900902BBD /* PBXTargetDependency */ = {
			isa = PBXTargetDependency;
			target = B868D1BA23B5987C00902BBD /* Weather */;
			targetProxy = B868D1FF23B59A7900902BBD /* PBXContainerItemProxy */;
		};
		B868D20723B59A7900902BBD /* PBXTargetDependency */ = {
			isa = PBXTargetDependency;
			target = B868D1F223B59A7900902BBD /* Util */;
			targetProxy = B868D20623B59A7900902BBD /* PBXContainerItemProxy */;
		};
/* End PBXTargetDependency section */

/* Begin PBXVariantGroup section */
		B868D1C923B5987F00902BBD /* LaunchScreen.storyboard */ = {
			isa = PBXVariantGroup;
			children = (
				B868D1CA23B5987F00902BBD /* Base */,
			);
			name = LaunchScreen.storyboard;
			sourceTree = "<group>";
		};
/* End PBXVariantGroup section */

/* Begin XCBuildConfiguration section */
		B868D1E323B5987F00902BBD /* Debug */ = {
			isa = XCBuildConfiguration;
			buildSettings = {
				ALWAYS_SEARCH_USER_PATHS = NO;
				CLANG_ANALYZER_NONNULL = YES;
				CLANG_ANALYZER_NUMBER_OBJECT_CONVERSION = YES_AGGRESSIVE;
				CLANG_CXX_LANGUAGE_STANDARD = "gnu++14";
				CLANG_CXX_LIBRARY = "libc++";
				CLANG_ENABLE_MODULES = YES;
				CLANG_ENABLE_OBJC_ARC = YES;
				CLANG_ENABLE_OBJC_WEAK = YES;
				CLANG_WARN_BLOCK_CAPTURE_AUTORELEASING = YES;
				CLANG_WARN_BOOL_CONVERSION = YES;
				CLANG_WARN_COMMA = YES;
				CLANG_WARN_CONSTANT_CONVERSION = YES;
				CLANG_WARN_DEPRECATED_OBJC_IMPLEMENTATIONS = YES;
				CLANG_WARN_DIRECT_OBJC_ISA_USAGE = YES_ERROR;
				CLANG_WARN_DOCUMENTATION_COMMENTS = YES;
				CLANG_WARN_EMPTY_BODY = YES;
				CLANG_WARN_ENUM_CONVERSION = YES;
				CLANG_WARN_INFINITE_RECURSION = YES;
				CLANG_WARN_INT_CONVERSION = YES;
				CLANG_WARN_NON_LITERAL_NULL_CONVERSION = YES;
				CLANG_WARN_OBJC_IMPLICIT_RETAIN_SELF = YES;
				CLANG_WARN_OBJC_LITERAL_CONVERSION = YES;
				CLANG_WARN_OBJC_ROOT_CLASS = YES_ERROR;
				CLANG_WARN_RANGE_LOOP_ANALYSIS = YES;
				CLANG_WARN_STRICT_PROTOTYPES = YES;
				CLANG_WARN_SUSPICIOUS_MOVE = YES;
				CLANG_WARN_UNGUARDED_AVAILABILITY = YES_AGGRESSIVE;
				CLANG_WARN_UNREACHABLE_CODE = YES;
				CLANG_WARN__DUPLICATE_METHOD_MATCH = YES;
				COPY_PHASE_STRIP = NO;
				DEBUG_INFORMATION_FORMAT = dwarf;
				ENABLE_STRICT_OBJC_MSGSEND = YES;
				ENABLE_TESTABILITY = YES;
				GCC_C_LANGUAGE_STANDARD = gnu11;
				GCC_DYNAMIC_NO_PIC = NO;
				GCC_NO_COMMON_BLOCKS = YES;
				GCC_OPTIMIZATION_LEVEL = 0;
				GCC_PREPROCESSOR_DEFINITIONS = (
					"DEBUG=1",
					"$(inherited)",
				);
				GCC_WARN_64_TO_32_BIT_CONVERSION = YES;
				GCC_WARN_ABOUT_RETURN_TYPE = YES_ERROR;
				GCC_WARN_UNDECLARED_SELECTOR = YES;
				GCC_WARN_UNINITIALIZED_AUTOS = YES_AGGRESSIVE;
				GCC_WARN_UNUSED_FUNCTION = YES;
				GCC_WARN_UNUSED_VARIABLE = YES;
				IPHONEOS_DEPLOYMENT_TARGET = 13.2;
				MTL_ENABLE_DEBUG_INFO = INCLUDE_SOURCE;
				MTL_FAST_MATH = YES;
				ONLY_ACTIVE_ARCH = YES;
				SDKROOT = iphoneos;
				SWIFT_ACTIVE_COMPILATION_CONDITIONS = DEBUG;
				SWIFT_OPTIMIZATION_LEVEL = "-Onone";
			};
			name = Debug;
		};
		B868D1E423B5987F00902BBD /* Release */ = {
			isa = XCBuildConfiguration;
			buildSettings = {
				ALWAYS_SEARCH_USER_PATHS = NO;
				CLANG_ANALYZER_NONNULL = YES;
				CLANG_ANALYZER_NUMBER_OBJECT_CONVERSION = YES_AGGRESSIVE;
				CLANG_CXX_LANGUAGE_STANDARD = "gnu++14";
				CLANG_CXX_LIBRARY = "libc++";
				CLANG_ENABLE_MODULES = YES;
				CLANG_ENABLE_OBJC_ARC = YES;
				CLANG_ENABLE_OBJC_WEAK = YES;
				CLANG_WARN_BLOCK_CAPTURE_AUTORELEASING = YES;
				CLANG_WARN_BOOL_CONVERSION = YES;
				CLANG_WARN_COMMA = YES;
				CLANG_WARN_CONSTANT_CONVERSION = YES;
				CLANG_WARN_DEPRECATED_OBJC_IMPLEMENTATIONS = YES;
				CLANG_WARN_DIRECT_OBJC_ISA_USAGE = YES_ERROR;
				CLANG_WARN_DOCUMENTATION_COMMENTS = YES;
				CLANG_WARN_EMPTY_BODY = YES;
				CLANG_WARN_ENUM_CONVERSION = YES;
				CLANG_WARN_INFINITE_RECURSION = YES;
				CLANG_WARN_INT_CONVERSION = YES;
				CLANG_WARN_NON_LITERAL_NULL_CONVERSION = YES;
				CLANG_WARN_OBJC_IMPLICIT_RETAIN_SELF = YES;
				CLANG_WARN_OBJC_LITERAL_CONVERSION = YES;
				CLANG_WARN_OBJC_ROOT_CLASS = YES_ERROR;
				CLANG_WARN_RANGE_LOOP_ANALYSIS = YES;
				CLANG_WARN_STRICT_PROTOTYPES = YES;
				CLANG_WARN_SUSPICIOUS_MOVE = YES;
				CLANG_WARN_UNGUARDED_AVAILABILITY = YES_AGGRESSIVE;
				CLANG_WARN_UNREACHABLE_CODE = YES;
				CLANG_WARN__DUPLICATE_METHOD_MATCH = YES;
				COPY_PHASE_STRIP = NO;
				DEBUG_INFORMATION_FORMAT = "dwarf-with-dsym";
				ENABLE_NS_ASSERTIONS = NO;
				ENABLE_STRICT_OBJC_MSGSEND = YES;
				GCC_C_LANGUAGE_STANDARD = gnu11;
				GCC_NO_COMMON_BLOCKS = YES;
				GCC_WARN_64_TO_32_BIT_CONVERSION = YES;
				GCC_WARN_ABOUT_RETURN_TYPE = YES_ERROR;
				GCC_WARN_UNDECLARED_SELECTOR = YES;
				GCC_WARN_UNINITIALIZED_AUTOS = YES_AGGRESSIVE;
				GCC_WARN_UNUSED_FUNCTION = YES;
				GCC_WARN_UNUSED_VARIABLE = YES;
				IPHONEOS_DEPLOYMENT_TARGET = 13.2;
				MTL_ENABLE_DEBUG_INFO = NO;
				MTL_FAST_MATH = YES;
				SDKROOT = iphoneos;
				SWIFT_COMPILATION_MODE = wholemodule;
				SWIFT_OPTIMIZATION_LEVEL = "-O";
				VALIDATE_PRODUCT = YES;
			};
			name = Release;
		};
		B868D1E623B5987F00902BBD /* Debug */ = {
			isa = XCBuildConfiguration;
			baseConfigurationReference = F507C8D94A15B8144E0B4401 /* Pods-Weather.debug.xcconfig */;
			buildSettings = {
				ALWAYS_EMBED_SWIFT_STANDARD_LIBRARIES = "$(inherited)";
				ASSETCATALOG_COMPILER_APPICON_NAME = AppIcon;
				CODE_SIGN_STYLE = Automatic;
				DEVELOPMENT_TEAM = MUXR6G7733;
				INFOPLIST_FILE = Weather/SupportingFiles/Info.plist;
				IPHONEOS_DEPLOYMENT_TARGET = 13.0;
				LD_RUNPATH_SEARCH_PATHS = (
					"$(inherited)",
					"@executable_path/Frameworks",
				);
				PRODUCT_BUNDLE_IDENTIFIER = com.skybrim.Weather;
				PRODUCT_NAME = "$(TARGET_NAME)";
				SWIFT_VERSION = 5.0;
				TARGETED_DEVICE_FAMILY = "1,2";
			};
			name = Debug;
		};
		B868D1E723B5987F00902BBD /* Release */ = {
			isa = XCBuildConfiguration;
			baseConfigurationReference = BC73ECE6D17CF04098DF94B3 /* Pods-Weather.release.xcconfig */;
			buildSettings = {
				ALWAYS_EMBED_SWIFT_STANDARD_LIBRARIES = "$(inherited)";
				ASSETCATALOG_COMPILER_APPICON_NAME = AppIcon;
				CODE_SIGN_STYLE = Automatic;
				DEVELOPMENT_TEAM = MUXR6G7733;
				INFOPLIST_FILE = Weather/SupportingFiles/Info.plist;
				IPHONEOS_DEPLOYMENT_TARGET = 13.0;
				LD_RUNPATH_SEARCH_PATHS = (
					"$(inherited)",
					"@executable_path/Frameworks",
				);
				PRODUCT_BUNDLE_IDENTIFIER = com.skybrim.Weather;
				PRODUCT_NAME = "$(TARGET_NAME)";
				SWIFT_VERSION = 5.0;
				TARGETED_DEVICE_FAMILY = "1,2";
			};
			name = Release;
		};
		B868D1E923B5987F00902BBD /* Debug */ = {
			isa = XCBuildConfiguration;
			baseConfigurationReference = BDEF42A3FB2E1FB29B52D404 /* Pods-WeatherTests.debug.xcconfig */;
			buildSettings = {
				ALWAYS_EMBED_SWIFT_STANDARD_LIBRARIES = "$(inherited)";
				BUNDLE_LOADER = "$(TEST_HOST)";
				CODE_SIGN_STYLE = Automatic;
				DEVELOPMENT_TEAM = MUXR6G7733;
				INFOPLIST_FILE = WeatherTests/Info.plist;
				IPHONEOS_DEPLOYMENT_TARGET = 13.2;
				LD_RUNPATH_SEARCH_PATHS = (
					"$(inherited)",
					"@executable_path/Frameworks",
					"@loader_path/Frameworks",
				);
				PRODUCT_BUNDLE_IDENTIFIER = com.skybrim.WeatherTests;
				PRODUCT_NAME = "$(TARGET_NAME)";
				SWIFT_VERSION = 5.0;
				TARGETED_DEVICE_FAMILY = "1,2";
				TEST_HOST = "$(BUILT_PRODUCTS_DIR)/Weather.app/Weather";
			};
			name = Debug;
		};
		B868D1EA23B5987F00902BBD /* Release */ = {
			isa = XCBuildConfiguration;
			baseConfigurationReference = D251D34A20198FD33FEB7E11 /* Pods-WeatherTests.release.xcconfig */;
			buildSettings = {
				ALWAYS_EMBED_SWIFT_STANDARD_LIBRARIES = "$(inherited)";
				BUNDLE_LOADER = "$(TEST_HOST)";
				CODE_SIGN_STYLE = Automatic;
				DEVELOPMENT_TEAM = MUXR6G7733;
				INFOPLIST_FILE = WeatherTests/Info.plist;
				IPHONEOS_DEPLOYMENT_TARGET = 13.2;
				LD_RUNPATH_SEARCH_PATHS = (
					"$(inherited)",
					"@executable_path/Frameworks",
					"@loader_path/Frameworks",
				);
				PRODUCT_BUNDLE_IDENTIFIER = com.skybrim.WeatherTests;
				PRODUCT_NAME = "$(TARGET_NAME)";
				SWIFT_VERSION = 5.0;
				TARGETED_DEVICE_FAMILY = "1,2";
				TEST_HOST = "$(BUILT_PRODUCTS_DIR)/Weather.app/Weather";
			};
			name = Release;
		};
		B868D1EC23B5987F00902BBD /* Debug */ = {
			isa = XCBuildConfiguration;
			baseConfigurationReference = 798069AEB36F4F7AF8AD067E /* Pods-Weather-WeatherUITests.debug.xcconfig */;
			buildSettings = {
				ALWAYS_EMBED_SWIFT_STANDARD_LIBRARIES = "$(inherited)";
				CODE_SIGN_STYLE = Automatic;
				DEVELOPMENT_TEAM = MUXR6G7733;
				INFOPLIST_FILE = WeatherUITests/Info.plist;
				LD_RUNPATH_SEARCH_PATHS = (
					"$(inherited)",
					"@executable_path/Frameworks",
					"@loader_path/Frameworks",
				);
				PRODUCT_BUNDLE_IDENTIFIER = com.skybrim.WeatherUITests;
				PRODUCT_NAME = "$(TARGET_NAME)";
				SWIFT_VERSION = 5.0;
				TARGETED_DEVICE_FAMILY = "1,2";
				TEST_TARGET_NAME = Weather;
			};
			name = Debug;
		};
		B868D1ED23B5987F00902BBD /* Release */ = {
			isa = XCBuildConfiguration;
			baseConfigurationReference = 233AEA5F05210C05A3994859 /* Pods-Weather-WeatherUITests.release.xcconfig */;
			buildSettings = {
				ALWAYS_EMBED_SWIFT_STANDARD_LIBRARIES = "$(inherited)";
				CODE_SIGN_STYLE = Automatic;
				DEVELOPMENT_TEAM = MUXR6G7733;
				INFOPLIST_FILE = WeatherUITests/Info.plist;
				LD_RUNPATH_SEARCH_PATHS = (
					"$(inherited)",
					"@executable_path/Frameworks",
					"@loader_path/Frameworks",
				);
				PRODUCT_BUNDLE_IDENTIFIER = com.skybrim.WeatherUITests;
				PRODUCT_NAME = "$(TARGET_NAME)";
				SWIFT_VERSION = 5.0;
				TARGETED_DEVICE_FAMILY = "1,2";
				TEST_TARGET_NAME = Weather;
			};
			name = Release;
		};
		B868D20B23B59A7900902BBD /* Debug */ = {
			isa = XCBuildConfiguration;
			baseConfigurationReference = 0A22A3344E519A4AAEF17D6B /* Pods-Util.debug.xcconfig */;
			buildSettings = {
				CODE_SIGN_STYLE = Automatic;
				CURRENT_PROJECT_VERSION = 1;
				DEFINES_MODULE = YES;
				DEVELOPMENT_TEAM = MUXR6G7733;
				DYLIB_COMPATIBILITY_VERSION = 1;
				DYLIB_CURRENT_VERSION = 1;
				DYLIB_INSTALL_NAME_BASE = "@rpath";
				INFOPLIST_FILE = Util/Info.plist;
				INSTALL_PATH = "$(LOCAL_LIBRARY_DIR)/Frameworks";
				IPHONEOS_DEPLOYMENT_TARGET = 12.2;
				LD_RUNPATH_SEARCH_PATHS = (
					"$(inherited)",
					"@executable_path/Frameworks",
					"@loader_path/Frameworks",
				);
				PRODUCT_BUNDLE_IDENTIFIER = com.skybrim.Util;
				PRODUCT_NAME = "$(TARGET_NAME:c99extidentifier)";
				SKIP_INSTALL = YES;
				SWIFT_VERSION = 5.0;
				TARGETED_DEVICE_FAMILY = "1,2";
				VERSIONING_SYSTEM = "apple-generic";
				VERSION_INFO_PREFIX = "";
			};
			name = Debug;
		};
		B868D20C23B59A7900902BBD /* Release */ = {
			isa = XCBuildConfiguration;
			baseConfigurationReference = 3851E72CE67DA46CADFA3919 /* Pods-Util.release.xcconfig */;
			buildSettings = {
				CODE_SIGN_STYLE = Automatic;
				CURRENT_PROJECT_VERSION = 1;
				DEFINES_MODULE = YES;
				DEVELOPMENT_TEAM = MUXR6G7733;
				DYLIB_COMPATIBILITY_VERSION = 1;
				DYLIB_CURRENT_VERSION = 1;
				DYLIB_INSTALL_NAME_BASE = "@rpath";
				INFOPLIST_FILE = Util/Info.plist;
				INSTALL_PATH = "$(LOCAL_LIBRARY_DIR)/Frameworks";
				IPHONEOS_DEPLOYMENT_TARGET = 12.2;
				LD_RUNPATH_SEARCH_PATHS = (
					"$(inherited)",
					"@executable_path/Frameworks",
					"@loader_path/Frameworks",
				);
				PRODUCT_BUNDLE_IDENTIFIER = com.skybrim.Util;
				PRODUCT_NAME = "$(TARGET_NAME:c99extidentifier)";
				SKIP_INSTALL = YES;
				SWIFT_VERSION = 5.0;
				TARGETED_DEVICE_FAMILY = "1,2";
				VERSIONING_SYSTEM = "apple-generic";
				VERSION_INFO_PREFIX = "";
			};
			name = Release;
		};
		B868D20F23B59A7900902BBD /* Debug */ = {
			isa = XCBuildConfiguration;
			baseConfigurationReference = 69D6819DD87613C60911134F /* Pods-Util-UtilTests.debug.xcconfig */;
			buildSettings = {
				ALWAYS_EMBED_SWIFT_STANDARD_LIBRARIES = YES;
				CODE_SIGN_STYLE = Automatic;
				DEVELOPMENT_TEAM = MUXR6G7733;
				INFOPLIST_FILE = UtilTests/Info.plist;
				LD_RUNPATH_SEARCH_PATHS = (
					"$(inherited)",
					"@executable_path/Frameworks",
					"@loader_path/Frameworks",
				);
				PRODUCT_BUNDLE_IDENTIFIER = com.skybrim.UtilTests;
				PRODUCT_NAME = "$(TARGET_NAME)";
				SWIFT_VERSION = 5.0;
				TARGETED_DEVICE_FAMILY = "1,2";
				TEST_HOST = "$(BUILT_PRODUCTS_DIR)/Weather.app/Weather";
			};
			name = Debug;
		};
		B868D21023B59A7900902BBD /* Release */ = {
			isa = XCBuildConfiguration;
			baseConfigurationReference = ECA1A07CDC0C483A26F5D57C /* Pods-Util-UtilTests.release.xcconfig */;
			buildSettings = {
				ALWAYS_EMBED_SWIFT_STANDARD_LIBRARIES = YES;
				CODE_SIGN_STYLE = Automatic;
				DEVELOPMENT_TEAM = MUXR6G7733;
				INFOPLIST_FILE = UtilTests/Info.plist;
				LD_RUNPATH_SEARCH_PATHS = (
					"$(inherited)",
					"@executable_path/Frameworks",
					"@loader_path/Frameworks",
				);
				PRODUCT_BUNDLE_IDENTIFIER = com.skybrim.UtilTests;
				PRODUCT_NAME = "$(TARGET_NAME)";
				SWIFT_VERSION = 5.0;
				TARGETED_DEVICE_FAMILY = "1,2";
				TEST_HOST = "$(BUILT_PRODUCTS_DIR)/Weather.app/Weather";
			};
			name = Release;
		};
/* End XCBuildConfiguration section */

/* Begin XCConfigurationList section */
		B868D1B623B5987C00902BBD /* Build configuration list for PBXProject "Weather" */ = {
			isa = XCConfigurationList;
			buildConfigurations = (
				B868D1E323B5987F00902BBD /* Debug */,
				B868D1E423B5987F00902BBD /* Release */,
			);
			defaultConfigurationIsVisible = 0;
			defaultConfigurationName = Release;
		};
		B868D1E523B5987F00902BBD /* Build configuration list for PBXNativeTarget "Weather" */ = {
			isa = XCConfigurationList;
			buildConfigurations = (
				B868D1E623B5987F00902BBD /* Debug */,
				B868D1E723B5987F00902BBD /* Release */,
			);
			defaultConfigurationIsVisible = 0;
			defaultConfigurationName = Release;
		};
		B868D1E823B5987F00902BBD /* Build configuration list for PBXNativeTarget "WeatherTests" */ = {
			isa = XCConfigurationList;
			buildConfigurations = (
				B868D1E923B5987F00902BBD /* Debug */,
				B868D1EA23B5987F00902BBD /* Release */,
			);
			defaultConfigurationIsVisible = 0;
			defaultConfigurationName = Release;
		};
		B868D1EB23B5987F00902BBD /* Build configuration list for PBXNativeTarget "WeatherUITests" */ = {
			isa = XCConfigurationList;
			buildConfigurations = (
				B868D1EC23B5987F00902BBD /* Debug */,
				B868D1ED23B5987F00902BBD /* Release */,
			);
			defaultConfigurationIsVisible = 0;
			defaultConfigurationName = Release;
		};
		B868D20A23B59A7900902BBD /* Build configuration list for PBXNativeTarget "Util" */ = {
			isa = XCConfigurationList;
			buildConfigurations = (
				B868D20B23B59A7900902BBD /* Debug */,
				B868D20C23B59A7900902BBD /* Release */,
			);
			defaultConfigurationIsVisible = 0;
			defaultConfigurationName = Release;
		};
		B868D20E23B59A7900902BBD /* Build configuration list for PBXNativeTarget "UtilTests" */ = {
			isa = XCConfigurationList;
			buildConfigurations = (
				B868D20F23B59A7900902BBD /* Debug */,
				B868D21023B59A7900902BBD /* Release */,
			);
			defaultConfigurationIsVisible = 0;
			defaultConfigurationName = Release;
		};
/* End XCConfigurationList section */
	};
	rootObject = B868D1B323B5987C00902BBD /* Project object */;
}
